
Microsoft Visual Studio Solution File, Format Version 11.00
# Visual Basic Express 2010
Project("{F184B08F-C81C-45F6-A57F-5ABD9991F28F}") = "Bank of Liberty", "Bank of Liberty.vbproj", "{DE567A96-73CD-4481-BEE5-17F07366853A}"
EndProject
Global
	GlobalSection(SolutionConfigurationPlatforms) = preSolution
		Debug|x86 = Debug|x86
		Release|x86 = Release|x86
	EndGlobalSection
	GlobalSection(ProjectConfigurationPlatforms) = postSolution
		{DE567A96-73CD-4481-BEE5-17F07366853A}.Debug|x86.ActiveCfg = Debug|x86
		{DE567A96-73CD-4481-BEE5-17F07366853A}.Debug|x86.Build.0 = Debug|x86
		{DE567A96-73CD-4481-BEE5-17F07366853A}.Release|x86.ActiveCfg = Release|x86
		{DE567A96-73CD-4481-BEE5-17F07366853A}.Release|x86.Build.0 = Release|x86
	EndGlobalSection
	GlobalSection(SolutionProperties) = preSolution
		HideSolutionNode = FALSE
	EndGlobalSection
EndGlobal
